
Microsoft Visual Studio Solution File, Format Version 12.00
# Visual Studio Version 17
VisualStudioVersion = 17.2.32630.192
MinimumVisualStudioVersion = 10.0.40219.1
Project("{FAE04EC0-301F-11D3-BF4B-00C04F79EFBC}") = "Knv.TestExec.AutoIgnore", "Knv.TestExec.AutoIgnore\Knv.TestExec.AutoIgnore.csproj", "{CE395581-3C90-414A-8200-0EBE6D57FD55}"
EndProject
Project("{FAE04EC0-301F-11D3-BF4B-00C04F79EFBC}") = "Knv.TestExec.Simulator", "Knv.TestExec.Simulator\Knv.TestExec.Simulator.csproj", "{759D3BA7-804F-4903-BE8B-3F8EB9253E42}"
EndProject
Global
	GlobalSection(SolutionConfigurationPlatforms) = preSolution
		Debug|Any CPU = Debug|Any CPU
		Release|Any CPU = Release|Any CPU
	EndGlobalSection
	GlobalSection(ProjectConfigurationPlatforms) = postSolution
		{CE395581-3C90-414A-8200-0EBE6D57FD55}.Debug|Any CPU.ActiveCfg = Debug|Any CPU
		{CE395581-3C90-414A-8200-0EBE6D57FD55}.Debug|Any CPU.Build.0 = Debug|Any CPU
		{CE395581-3C90-414A-8200-0EBE6D57FD55}.Release|Any CPU.ActiveCfg = Release|Any CPU
		{CE395581-3C90-414A-8200-0EBE6D57FD55}.Release|Any CPU.Build.0 = Release|Any CPU
		{759D3BA7-804F-4903-BE8B-3F8EB9253E42}.Debug|Any CPU.ActiveCfg = Debug|Any CPU
		{759D3BA7-804F-4903-BE8B-3F8EB9253E42}.Debug|Any CPU.Build.0 = Debug|Any CPU
		{759D3BA7-804F-4903-BE8B-3F8EB9253E42}.Release|Any CPU.ActiveCfg = Release|Any CPU
		{759D3BA7-804F-4903-BE8B-3F8EB9253E42}.Release|Any CPU.Build.0 = Release|Any CPU
	EndGlobalSection
	GlobalSection(SolutionProperties) = preSolution
		HideSolutionNode = FALSE
	EndGlobalSection
	GlobalSection(ExtensibilityGlobals) = postSolution
		SolutionGuid = {B7DAB9B0-91E4-40FF-AE23-51EEAA70B044}
	EndGlobalSection
EndGlobal
