
Microsoft Visual Studio Solution File, Format Version 12.00
# Visual Studio Version 16
VisualStudioVersion = 16.0.30204.135
MinimumVisualStudioVersion = 10.0.40219.1
Project("{FAE04EC0-301F-11D3-BF4B-00C04F79EFBC}") = "Konvolucio.TestExec.Simulator", "TestExec.Simulator\Konvolucio.TestExec.Simulator.csproj", "{759D3BA7-804F-4903-BE8B-3F8EB9253E42}"
EndProject
Project("{FAE04EC0-301F-11D3-BF4B-00C04F79EFBC}") = "Konvolucio.TestExec.AutoIgnore", "TestExec.AutoIgnore\Konvolucio.TestExec.AutoIgnore.csproj", "{ADCD9AC9-BB40-47B3-840E-8DDE74B9290D}"
EndProject
Project("{FAE04EC0-301F-11D3-BF4B-00C04F79EFBC}") = "Konvolucio.TestExec.AutoIgnoreService", "TestExec.AutoIgnoreService\Konvolucio.TestExec.AutoIgnoreService.csproj", "{3EB4C916-89D7-4197-9753-A0187368C37A}"
EndProject
Project("{930C7802-8A8C-48F9-8165-68863BCCD9DD}") = "AutoIgnoreService.Installer", "TestExec.AutoIgnoreService.Install\AutoIgnoreService.Installer.wixproj", "{049DC102-7FB9-4013-8E35-A238D3059AD0}"
EndProject
Global
	GlobalSection(SolutionConfigurationPlatforms) = preSolution
		Debug|Any CPU = Debug|Any CPU
		Debug|x86 = Debug|x86
		Release|Any CPU = Release|Any CPU
		Release|x86 = Release|x86
	EndGlobalSection
	GlobalSection(ProjectConfigurationPlatforms) = postSolution
		{759D3BA7-804F-4903-BE8B-3F8EB9253E42}.Debug|Any CPU.ActiveCfg = Debug|Any CPU
		{759D3BA7-804F-4903-BE8B-3F8EB9253E42}.Debug|Any CPU.Build.0 = Debug|Any CPU
		{759D3BA7-804F-4903-BE8B-3F8EB9253E42}.Debug|x86.ActiveCfg = Debug|Any CPU
		{759D3BA7-804F-4903-BE8B-3F8EB9253E42}.Debug|x86.Build.0 = Debug|Any CPU
		{759D3BA7-804F-4903-BE8B-3F8EB9253E42}.Release|Any CPU.ActiveCfg = Release|Any CPU
		{759D3BA7-804F-4903-BE8B-3F8EB9253E42}.Release|Any CPU.Build.0 = Release|Any CPU
		{759D3BA7-804F-4903-BE8B-3F8EB9253E42}.Release|x86.ActiveCfg = Release|Any CPU
		{759D3BA7-804F-4903-BE8B-3F8EB9253E42}.Release|x86.Build.0 = Release|Any CPU
		{ADCD9AC9-BB40-47B3-840E-8DDE74B9290D}.Debug|Any CPU.ActiveCfg = Debug|Any CPU
		{ADCD9AC9-BB40-47B3-840E-8DDE74B9290D}.Debug|Any CPU.Build.0 = Debug|Any CPU
		{ADCD9AC9-BB40-47B3-840E-8DDE74B9290D}.Debug|x86.ActiveCfg = Debug|Any CPU
		{ADCD9AC9-BB40-47B3-840E-8DDE74B9290D}.Debug|x86.Build.0 = Debug|Any CPU
		{ADCD9AC9-BB40-47B3-840E-8DDE74B9290D}.Release|Any CPU.ActiveCfg = Release|Any CPU
		{ADCD9AC9-BB40-47B3-840E-8DDE74B9290D}.Release|Any CPU.Build.0 = Release|Any CPU
		{ADCD9AC9-BB40-47B3-840E-8DDE74B9290D}.Release|x86.ActiveCfg = Release|Any CPU
		{ADCD9AC9-BB40-47B3-840E-8DDE74B9290D}.Release|x86.Build.0 = Release|Any CPU
		{3EB4C916-89D7-4197-9753-A0187368C37A}.Debug|Any CPU.ActiveCfg = Debug|Any CPU
		{3EB4C916-89D7-4197-9753-A0187368C37A}.Debug|Any CPU.Build.0 = Debug|Any CPU
		{3EB4C916-89D7-4197-9753-A0187368C37A}.Debug|x86.ActiveCfg = Debug|Any CPU
		{3EB4C916-89D7-4197-9753-A0187368C37A}.Debug|x86.Build.0 = Debug|Any CPU
		{3EB4C916-89D7-4197-9753-A0187368C37A}.Release|Any CPU.ActiveCfg = Release|Any CPU
		{3EB4C916-89D7-4197-9753-A0187368C37A}.Release|Any CPU.Build.0 = Release|Any CPU
		{3EB4C916-89D7-4197-9753-A0187368C37A}.Release|x86.ActiveCfg = Release|Any CPU
		{3EB4C916-89D7-4197-9753-A0187368C37A}.Release|x86.Build.0 = Release|Any CPU
		{049DC102-7FB9-4013-8E35-A238D3059AD0}.Debug|Any CPU.ActiveCfg = Debug|x86
		{049DC102-7FB9-4013-8E35-A238D3059AD0}.Debug|x86.ActiveCfg = Debug|x86
		{049DC102-7FB9-4013-8E35-A238D3059AD0}.Debug|x86.Build.0 = Debug|x86
		{049DC102-7FB9-4013-8E35-A238D3059AD0}.Release|Any CPU.ActiveCfg = Release|x86
		{049DC102-7FB9-4013-8E35-A238D3059AD0}.Release|x86.ActiveCfg = Release|x86
		{049DC102-7FB9-4013-8E35-A238D3059AD0}.Release|x86.Build.0 = Release|x86
	EndGlobalSection
	GlobalSection(SolutionProperties) = preSolution
		HideSolutionNode = FALSE
	EndGlobalSection
	GlobalSection(ExtensibilityGlobals) = postSolution
		SolutionGuid = {B7DAB9B0-91E4-40FF-AE23-51EEAA70B044}
	EndGlobalSection
EndGlobal
